{
  "name": "@zwfthcks/zwift-memory-monitor",
  "version": "2.3.0",
  "lockfileVersion": 2,
  "requires": true,
  "packages": {
    "": {
      "name": "@zwfthcks/zwift-memory-monitor",
      "version": "2.3.0",
      "license": "MIT",
      "dependencies": {
        "memoryjs": "github:zwfthcks/memoryjs",
        "platform-paths": "^1.2.2",
        "semver": "^7.6.2"
      },
      "devDependencies": {
        "ansi-escapes": "7.0.0"
      },
      "engines": {
        "node": ">=18",
        "npm": ">=8.3.0"
      }
    },
    "node_modules/ansi-escapes": {
      "version": "7.0.0",
      "resolved": "https://registry.npmjs.org/ansi-escapes/-/ansi-escapes-7.0.0.tgz",
      "integrity": "sha512-GdYO7a61mR0fOlAsvC9/rIHf7L96sBc6dEWzeOu+KAea5bZyQRPIpojrVoI4AXGJS/ycu/fBTdLrUkA4ODrvjw==",
      "dev": true,
      "dependencies": {
        "environment": "^1.0.0"
      },
      "engines": {
        "node": ">=18"
      },
      "funding": {
        "url": "https://github.com/sponsors/sindresorhus"
      }
    },
    "node_modules/environment": {
      "version": "1.1.0",
      "resolved": "https://registry.npmjs.org/environment/-/environment-1.1.0.tgz",
      "integrity": "sha512-xUtoPkMggbz0MPyPiIWr1Kp4aeWJjDZ6SMvURhimjdZgsRuDplF5/s9hcgGhyXMhs+6vpnuoiZ2kFiu3FMnS8Q==",
      "dev": true,
      "engines": {
        "node": ">=18"
      },
      "funding": {
        "url": "https://github.com/sponsors/sindresorhus"
      }
    },
    "node_modules/memoryjs": {
      "version": "3.5.1",
      "resolved": "git+ssh://git@github.com/zwfthcks/memoryjs.git#9030e4512f51ccdc69941353d4913f3edf6472b1",
      "hasInstallScript": true,
      "license": "MIT",
      "dependencies": {
        "node-addon-api": "^3.2.1"
      }
    },
    "node_modules/node-addon-api": {
      "version": "3.2.1",
      "resolved": "https://registry.npmjs.org/node-addon-api/-/node-addon-api-3.2.1.tgz",
      "integrity": "sha512-mmcei9JghVNDYydghQmeDX8KoAm0FAiYyIcUt/N4nhyAipB17pllZQDOJD2fotxABnt4Mdz+dKTO7eftLg4d0A=="
    },
    "node_modules/platform-paths": {
      "version": "1.2.2",
      "resolved": "https://registry.npmjs.org/platform-paths/-/platform-paths-1.2.2.tgz",
      "integrity": "sha512-CPCaaMyjpajNyDZjyCbn7jBGyZEwm1owTwuZDEvx9WDE1nfQ0MzQRXwnCzpXSyXZNUlZqOb0AaYrujJL4ykpRA=="
    },
    "node_modules/semver": {
      "version": "7.6.2",
      "resolved": "https://registry.npmjs.org/semver/-/semver-7.6.2.tgz",
      "integrity": "sha512-FNAIBWCx9qcRhoHcgcJ0gvU7SN1lYU2ZXuSfl04bSC5OpvDHFyJCjdNHomPXxjQlCBU67YW64PzY7/VIEH7F2w==",
      "bin": {
        "semver": "bin/semver.js"
      },
      "engines": {
        "node": ">=10"
      }
    }
  },
  "dependencies": {
    "ansi-escapes": {
      "version": "7.0.0",
      "resolved": "https://registry.npmjs.org/ansi-escapes/-/ansi-escapes-7.0.0.tgz",
      "integrity": "sha512-GdYO7a61mR0fOlAsvC9/rIHf7L96sBc6dEWzeOu+KAea5bZyQRPIpojrVoI4AXGJS/ycu/fBTdLrUkA4ODrvjw==",
      "dev": true,
      "requires": {
        "environment": "^1.0.0"
      }
    },
    "environment": {
      "version": "1.1.0",
      "resolved": "https://registry.npmjs.org/environment/-/environment-1.1.0.tgz",
      "integrity": "sha512-xUtoPkMggbz0MPyPiIWr1Kp4aeWJjDZ6SMvURhimjdZgsRuDplF5/s9hcgGhyXMhs+6vpnuoiZ2kFiu3FMnS8Q==",
      "dev": true
    },
    "memoryjs": {
      "version": "git+ssh://git@github.com/zwfthcks/memoryjs.git#9030e4512f51ccdc69941353d4913f3edf6472b1",
      "from": "memoryjs@github:zwfthcks/memoryjs",
      "requires": {
        "node-addon-api": "^3.2.1"
      }
    },
    "node-addon-api": {
      "version": "3.2.1",
      "resolved": "https://registry.npmjs.org/node-addon-api/-/node-addon-api-3.2.1.tgz",
      "integrity": "sha512-mmcei9JghVNDYydghQmeDX8KoAm0FAiYyIcUt/N4nhyAipB17pllZQDOJD2fotxABnt4Mdz+dKTO7eftLg4d0A=="
    },
    "platform-paths": {
      "version": "1.2.2",
      "resolved": "https://registry.npmjs.org/platform-paths/-/platform-paths-1.2.2.tgz",
      "integrity": "sha512-CPCaaMyjpajNyDZjyCbn7jBGyZEwm1owTwuZDEvx9WDE1nfQ0MzQRXwnCzpXSyXZNUlZqOb0AaYrujJL4ykpRA=="
    },
    "semver": {
      "version": "7.6.2",
      "resolved": "https://registry.npmjs.org/semver/-/semver-7.6.2.tgz",
      "integrity": "sha512-FNAIBWCx9qcRhoHcgcJ0gvU7SN1lYU2ZXuSfl04bSC5OpvDHFyJCjdNHomPXxjQlCBU67YW64PzY7/VIEH7F2w=="
    }
  }
}
